
Microsoft Visual Studio Solution File, Format Version 12.00
# Visual Studio Version 16
VisualStudioVersion = 16.0.32407.337
MinimumVisualStudioVersion = 10.0.40219.1
Project("{9A19103F-16F7-4668-BE54-9A1E7A4F7556}") = "GetAuthorizationTokens", "GetAuthourizationTokens\GetAuthorizationTokens.csproj", "{D0178F65-F64F-40F6-9F52-728B43ADB69F}"
EndProject
Global
	GlobalSection(SolutionConfigurationPlatforms) = preSolution
		Debug|Any CPU = Debug|Any CPU
		Release|Any CPU = Release|Any CPU
	EndGlobalSection
	GlobalSection(ProjectConfigurationPlatforms) = postSolution
		{D0178F65-F64F-40F6-9F52-728B43ADB69F}.Debug|Any CPU.ActiveCfg = Debug|Any CPU
		{D0178F65-F64F-40F6-9F52-728B43ADB69F}.Debug|Any CPU.Build.0 = Debug|Any CPU
		{D0178F65-F64F-40F6-9F52-728B43ADB69F}.Release|Any CPU.ActiveCfg = Release|Any CPU
		{D0178F65-F64F-40F6-9F52-728B43ADB69F}.Release|Any CPU.Build.0 = Release|Any CPU
	EndGlobalSection
	GlobalSection(SolutionProperties) = preSolution
		HideSolutionNode = FALSE
	EndGlobalSection
	GlobalSection(ExtensibilityGlobals) = postSolution
		SolutionGuid = {84922CCD-B566-4706-8C48-E68AB877A98C}
	EndGlobalSection
EndGlobal
